# This file is automatically generated by Poetry 1.8.2 and should be maintained in git.

[[package]]
name = "fastapi"
version = "0.110.0"
description = "FastAPI framework, high performance, easy to learn, fast to code, ready for production"
optional = false
python-versions = ">=3.8"
files = [
    {file = "fastapi-0.110.0-py3-none-any.whl", hash = "sha256:721cb2b11598fef65da314227038cf5103a45cbb6b69b62f1cbeba329b35b62b"},
    {file = "fastapi-0.110.0.tar.gz", hash = "sha256:c0bcfe652431cf81ecba3a8b417df88a2da08544c4e7ea7b4e857bebfb8c61ce"},
]

[package.dependencies]
pydantic = ">=1.7.4,<3.0.0"
starlette = ">=0.37.2,<0.38.0"
typing-extensions = ">=4.8.0"

[[package]]
name = "uvicorn"
version = "0.28.0"
description = "The lightning-fast ASGI server."
optional = false
python-versions = ">=3.8"
files = [
    {file = "uvicorn-0.28.0-py3-none-any.whl", hash = "sha256:ba1254394e1e3cb41b632948eb9e13b86063bb79a95726df5df756a94fbf28da"},
    {file = "uvicorn-0.28.0.tar.gz", hash = "sha256:2fa3b827e7f8a7e0f2563f4581c810df66ceb74ce1cf2d3080ff524ebff278ba"},
]

[package.dependencies]
click = ">=7.0"
h11 = ">=0.8"

[[package]]
name = "pydantic"
version = "2.6.4"
description = "Data validation using Python type hints"
optional = false
python-versions = ">=3.8"
files = [
    {file = "pydantic-2.6.4-py3-none-any.whl", hash = "sha256:56eaeb96384a558509c647b0a51be8c93b1d3d63b2f8a84fe1fc112faef81f9b"},
    {file = "pydantic-2.6.4.tar.gz", hash = "sha256:1f137e759885c490a07159aa4b7f8f906f364e56ebfe9c02ffcf5759ff6640db"},
]

[package.dependencies]
annotated-types = ">=0.4.0"
pydantic-core = "2.16.3"
typing-extensions = ">=4.6.1"

[[package]]
name = "starlette"
version = "0.37.2"
description = "The little ASGI framework that shines."
optional = false
python-versions = ">=3.8"
files = [
    {file = "starlette-0.37.2-py3-none-any.whl", hash = "sha256:94df22ff95eeef7ec48c187bc7867208d0e51ee1823ebcead93ef423bcad383f"},
    {file = "starlette-0.37.2.tar.gz", hash = "sha256:4d603aebf4e69bcfb34d284f6ff67140e49bbdf488bf5cbba4da95627255f0b5"},
]

[package.dependencies]
anyio = ">=3.4.0,<5"
typing-extensions = ">=3.10.0"

[metadata]
lock-version = "2.0"
python-versions = "^3.10"
content-hash = "a389146903f9c65691c210fbefb6555127ba7691a92a7e7804470ee649ff5bc1"
