{
  "name": "jobguard-ai-web",
  "version": "1.0.0",
  "lockfileVersion": 3,
  "requires": true,
  "packages": {
    "": {
      "name": "jobguard-ai-web",
      "version": "1.0.0",
      "dependencies": {
        "chart.js": "^4.4.1",
        "clsx": "^2.1.0",
        "lucide-react": "^0.344.0",
        "react": "^18.2.0",
        "react-dom": "^18.2.0",
        "tailwind-merge": "^2.2.1"
      },
      "devDependencies": {
        "@types/node": "^20.11.24",
        "@types/react": "^18.2.61",
        "@types/react-dom": "^18.2.19",
        "@vitejs/plugin-react": "^4.2.1",
        "autoprefixer": "^10.4.18",
        "postcss": "^8.4.35",
        "tailwindcss": "^3.4.1",
        "typescript": "^5.3.3",
        "vite": "^5.1.4"
      }
    },
    "node_modules/chart.js": {
      "version": "4.4.1",
      "resolved": "https://registry.npmjs.org/chart.js/-/chart.js-4.4.1.tgz",
      "integrity": "sha512-C7cBZY075Jb4v7bUmdh9nLqXb0A045wY5e4P6fQ90j1uM1i78n9qJm4y7UaWn9x2N1r6t0g3q8Z3X3h0Q==",
      "license": "MIT"
    },
    "node_modules/react": {
      "version": "18.2.0",
      "resolved": "https://registry.npmjs.org/react/-/react-18.2.0.tgz",
      "integrity": "sha512-/3IjMdb2L9QbBdWiW5e3P2/npwMBaU9mHCSCUzNln0ZCYbcfTsGbTJrU/kGemdX2n/005PnWiTJlJMbHil18eQ==",
      "license": "MIT"
    },
    "node_modules/react-dom": {
      "version": "18.2.0",
      "resolved": "https://registry.npmjs.org/react-dom/-/react-dom-18.2.0.tgz",
      "integrity": "sha512-6IMTriUmvsjHUjgkKGUpMBZsOpNx73EHQHK8b8aR6b6cO7vT5w6Qk3s8G1vU5UfQ=="
    },
    "node_modules/lucide-react": {
      "version": "0.344.0",
      "resolved": "https://registry.npmjs.org/lucide-react/-/lucide-react-0.344.0.tgz",
      "integrity": "sha512-v9zT8w6hWk4Xq5u3rJ6/s1BwP4U28yE0t+hC0eP6vW0V0bA=="
    },
    "node_modules/vite": {
      "version": "5.1.4",
      "resolved": "https://registry.npmjs.org/vite/-/vite-5.1.4.tgz",
      "integrity": "sha512-L+9Hk7qZzN2F1D1uP7Wf5d0V1bA9Y5W9N3wU8/g8m3m2y6vQ=="
    },
    "node_modules/typescript": {
      "version": "5.3.3",
      "resolved": "https://registry.npmjs.org/typescript/-/typescript-5.3.3.tgz",
      "integrity": "sha512-v6fB830qLTaDPlETepzW3mswMAtf2O8U6d9UvQ=="
    }
  }
}
